{
  "name": "niuxinyu.github.io",
  "version": "0.0.0",
  "lockfileVersion": 1,
  "requires": true,
  "dependencies": {
    "autoprefixer": {
      "version": "10.3.7",
      "resolved": "https://registry.npmmirror.com/autoprefixer/download/autoprefixer-10.3.7.tgz?cache=0&sync_timestamp=1633379332587&other_urls=https%3A%2F%2Fregistry.npmmirror.com%2Fautoprefixer%2Fdownload%2Fautoprefixer-10.3.7.tgz",
      "integrity": "sha1-zvJWIFhAa9N4yUqs2ja7Rql7MYY=",
      "dev": true,
      "requires": {
        "browserslist": "^4.17.3",
        "caniuse-lite": "^1.0.30001264",
        "fraction.js": "^4.1.1",
        "normalize-range": "^0.1.2",
        "picocolors": "^0.2.1",
        "postcss-value-parser": "^4.1.0"
      }
    },
    "browserslist": {
      "version": "4.17.3",
      "resolved": "https://registry.npmmirror.com/browserslist/download/browserslist-4.17.3.tgz",
      "integrity": "sha1-KETNbuvhTRI4SwEi0hdVAWDS1iQ=",
      "dev": true,
      "requires": {
        "caniuse-lite": "^1.0.30001264",
        "electron-to-chromium": "^1.3.857",
        "escalade": "^3.1.1",
        "node-releases": "^1.1.77",
        "picocolors": "^0.2.1"
      }
    },
    "camelcase-css": {
      "version": "2.0.1",
      "resolved": "https://registry.nlark.com/camelcase-css/download/camelcase-css-2.0.1.tgz",
      "integrity": "sha1-7pePaUeRTMMMa0R0G27R338EP9U=",
      "dev": true
    },
    "caniuse-lite": {
      "version": "1.0.30001265",
      "resolved": "https://registry.npmmirror.com/caniuse-lite/download/caniuse-lite-1.0.30001265.tgz?cache=0&sync_timestamp=1633496139994&other_urls=https%3A%2F%2Fregistry.npmmirror.com%2Fcaniuse-lite%2Fdownload%2Fcaniuse-lite-1.0.30001265.tgz",
      "integrity": "sha1-BhPJ5ski5CJ5Lm/O/fmjr+7k+MM=",
      "dev": true
    },
    "electron-to-chromium": {
      "version": "1.3.864",
      "resolved": "https://registry.npmmirror.com/electron-to-chromium/download/electron-to-chromium-1.3.864.tgz?cache=0&other_urls=https%3A%2F%2Fregistry.npmmirror.com%2Felectron-to-chromium%2Fdownload%2Felectron-to-chromium-1.3.864.tgz",
      "integrity": "sha1-apk7zBlqK4s9+E0o1dTdkSOTiF8=",
      "dev": true
    },
    "escalade": {
      "version": "3.1.1",
      "resolved": "https://registry.npm.taobao.org/escalade/download/escalade-3.1.1.tgz",
      "integrity": "sha1-2M/ccACWXFoBdLSoLqpcBVJ0LkA=",
      "dev": true
    },
    "fraction.js": {
      "version": "4.1.1",
      "resolved": "https://registry.nlark.com/fraction.js/download/fraction.js-4.1.1.tgz",
      "integrity": "sha1-rE5SBHPa5nAS1hiquR7aCby0AP8=",
      "dev": true
    },
    "nanoid": {
      "version": "3.1.29",
      "resolved": "https://registry.npmmirror.com/nanoid/download/nanoid-3.1.29.tgz?cache=0&sync_timestamp=1633468213445&other_urls=https%3A%2F%2Fregistry.npmmirror.com%2Fnanoid%2Fdownload%2Fnanoid-3.1.29.tgz",
      "integrity": "sha1-IU+y16M+GlvvR1e3ed+utqTlrrQ=",
      "dev": true
    },
    "node-releases": {
      "version": "1.1.77",
      "resolved": "https://registry.npmmirror.com/node-releases/download/node-releases-1.1.77.tgz?cache=0&sync_timestamp=1633167899075&other_urls=https%3A%2F%2Fregistry.npmmirror.com%2Fnode-releases%2Fdownload%2Fnode-releases-1.1.77.tgz",
      "integrity": "sha1-ULDP7ehV3TdOdYW/Io/zTlfBwy4=",
      "dev": true
    },
    "normalize-range": {
      "version": "0.1.2",
      "resolved": "https://registry.npm.taobao.org/normalize-range/download/normalize-range-0.1.2.tgz",
      "integrity": "sha1-LRDAa9/TEuqXd2laTShDlFa3WUI=",
      "dev": true
    },
    "picocolors": {
      "version": "0.2.1",
      "resolved": "https://registry.npmmirror.com/picocolors/download/picocolors-0.2.1.tgz?cache=0&sync_timestamp=1633377721334&other_urls=https%3A%2F%2Fregistry.npmmirror.com%2Fpicocolors%2Fdownload%2Fpicocolors-0.2.1.tgz",
      "integrity": "sha1-VwZw95NkaFHRuhNZlpYqutWHhZ8=",
      "dev": true
    },
    "postcss": {
      "version": "8.3.9",
      "resolved": "https://registry.npmmirror.com/postcss/download/postcss-8.3.9.tgz?cache=0&sync_timestamp=1633378564902&other_urls=https%3A%2F%2Fregistry.npmmirror.com%2Fpostcss%2Fdownload%2Fpostcss-8.3.9.tgz",
      "integrity": "sha1-mHVMqgbE7p61nMSL0HO7a9NDfDE=",
      "dev": true,
      "requires": {
        "nanoid": "^3.1.28",
        "picocolors": "^0.2.1",
        "source-map-js": "^0.6.2"
      }
    },
    "postcss-js": {
      "version": "3.0.3",
      "resolved": "https://registry.nlark.com/postcss-js/download/postcss-js-3.0.3.tgz",
      "integrity": "sha1-LwvTcKLoWZ1FQ59pcEA7WHOr2jM=",
      "dev": true,
      "requires": {
        "camelcase-css": "^2.0.1",
        "postcss": "^8.1.6"
      }
    },
    "postcss-value-parser": {
      "version": "4.1.0",
      "resolved": "https://registry.npm.taobao.org/postcss-value-parser/download/postcss-value-parser-4.1.0.tgz",
      "integrity": "sha1-RD9qIM7WSBor2k+oUypuVdeJoss=",
      "dev": true
    },
    "source-map-js": {
      "version": "0.6.2",
      "resolved": "https://registry.nlark.com/source-map-js/download/source-map-js-0.6.2.tgz",
      "integrity": "sha1-C7XeYxtBz72mz7qL0FqA79/SOF4=",
      "dev": true
    }
  }
}
